{
  "name": "motion-tools",
  "version": "0.0.0",
  "lockfileVersion": 2,
  "requires": true,
  "packages": {
    "": {
      "name": "motion-tools",
      "version": "0.0.0",
      "license": "ISC",
      "dependencies": {
        "@yellcorp/extendscript-commonjs": "github:yellcorp/extendscript-commonjs"
      }
    },
    "node_modules/@yellcorp/extendscript-commonjs": {
      "version": "0.0.6",
      "resolved": "git+ssh://git@github.com/yellcorp/extendscript-commonjs.git#fd5b41533ef38b161d8ac9c195d7c121e861e1e2",
      "license": "MIT",
      "dependencies": {
        "es5-shim": "4.5.9",
        "json3": "3.3.2"
      }
    },
    "node_modules/es5-shim": {
      "version": "4.5.9",
      "resolved": "https://registry.npmjs.org/es5-shim/-/es5-shim-4.5.9.tgz",
      "integrity": "sha512-I9o0UnABUiqKj+vov/FyA7ffUm1wAYguREzCB6FZyJLZU270Njl8Fmw6kOnsSqs8U+s/QKFu0NvUN9nSa45GSw==",
      "engines": {
        "node": ">=0.4.0"
      }
    },
    "node_modules/json3": {
      "version": "3.3.2",
      "resolved": "https://registry.npmjs.org/json3/-/json3-3.3.2.tgz",
      "integrity": "sha512-I5YLeauH3rIaE99EE++UeH2M2gSYo8/2TqDac7oZEH6D/DSQ4Woa628Qrfj1X9/OY5Mk5VvIDQaKCDchXaKrmA==",
      "deprecated": "Please use the native JSON object instead of JSON 3"
    }
  },
  "dependencies": {
    "@yellcorp/extendscript-commonjs": {
      "version": "git+ssh://git@github.com/yellcorp/extendscript-commonjs.git#fd5b41533ef38b161d8ac9c195d7c121e861e1e2",
      "from": "@yellcorp/extendscript-commonjs@https://github.com/yellcorp/extendscript-commonjs",
      "requires": {
        "es5-shim": "4.5.9",
        "json3": "3.3.2"
      }
    },
    "es5-shim": {
      "version": "4.5.9",
      "resolved": "https://registry.npmjs.org/es5-shim/-/es5-shim-4.5.9.tgz",
      "integrity": "sha512-I9o0UnABUiqKj+vov/FyA7ffUm1wAYguREzCB6FZyJLZU270Njl8Fmw6kOnsSqs8U+s/QKFu0NvUN9nSa45GSw=="
    },
    "json3": {
      "version": "3.3.2",
      "resolved": "https://registry.npmjs.org/json3/-/json3-3.3.2.tgz",
      "integrity": "sha512-I5YLeauH3rIaE99EE++UeH2M2gSYo8/2TqDac7oZEH6D/DSQ4Woa628Qrfj1X9/OY5Mk5VvIDQaKCDchXaKrmA=="
    }
  }
}
